
Microsoft Visual Studio Solution File, Format Version 12.00
# Visual Studio Version 17
VisualStudioVersion = 17.5.33530.505
MinimumVisualStudioVersion = 10.0.40219.1
Project("{9A19103F-16F7-4668-BE54-9A1E7A4F7556}") = "WebAPI", "NeverForgetAnything\WebAPI.csproj", "{F6C1AFF5-B04D-44C1-AEB0-7DB844F11C2C}"
EndProject
Project("{9A19103F-16F7-4668-BE54-9A1E7A4F7556}") = "Application", "Application\Application.csproj", "{71DA6D6A-A978-4084-B54E-0A350E8BE2CC}"
EndProject
Project("{9A19103F-16F7-4668-BE54-9A1E7A4F7556}") = "Infrastructure", "Repository\Infrastructure.csproj", "{5D522D4D-2AFC-4049-97EE-4FD39018622E}"
EndProject
Project("{9A19103F-16F7-4668-BE54-9A1E7A4F7556}") = "Domain", "Domain\Domain.csproj", "{3274ED1E-5BAD-4C90-956B-B5200FCF78B2}"
EndProject
Project("{9A19103F-16F7-4668-BE54-9A1E7A4F7556}") = "Test", "Test\Test.csproj", "{A0A029BE-DF20-4C97-BA3A-043E12D8CBB2}"
EndProject
Project("{9A19103F-16F7-4668-BE54-9A1E7A4F7556}") = "Util", "Util\Util.csproj", "{D3F491CE-3E25-43AF-A350-47413D27975D}"
EndProject
Project("{FAE04EC0-301F-11D3-BF4B-00C04F79EFBC}") = "CrossCutting", "CrossCutting\CrossCutting.csproj", "{A350A8EC-5D7C-42BA-B3AE-5584A91F55B7}"
EndProject
Global
	GlobalSection(SolutionConfigurationPlatforms) = preSolution
		Debug|Any CPU = Debug|Any CPU
		Release|Any CPU = Release|Any CPU
	EndGlobalSection
	GlobalSection(ProjectConfigurationPlatforms) = postSolution
		{F6C1AFF5-B04D-44C1-AEB0-7DB844F11C2C}.Debug|Any CPU.ActiveCfg = Debug|Any CPU
		{F6C1AFF5-B04D-44C1-AEB0-7DB844F11C2C}.Debug|Any CPU.Build.0 = Debug|Any CPU
		{F6C1AFF5-B04D-44C1-AEB0-7DB844F11C2C}.Release|Any CPU.ActiveCfg = Release|Any CPU
		{F6C1AFF5-B04D-44C1-AEB0-7DB844F11C2C}.Release|Any CPU.Build.0 = Release|Any CPU
		{71DA6D6A-A978-4084-B54E-0A350E8BE2CC}.Debug|Any CPU.ActiveCfg = Debug|Any CPU
		{71DA6D6A-A978-4084-B54E-0A350E8BE2CC}.Debug|Any CPU.Build.0 = Debug|Any CPU
		{71DA6D6A-A978-4084-B54E-0A350E8BE2CC}.Release|Any CPU.ActiveCfg = Release|Any CPU
		{71DA6D6A-A978-4084-B54E-0A350E8BE2CC}.Release|Any CPU.Build.0 = Release|Any CPU
		{5D522D4D-2AFC-4049-97EE-4FD39018622E}.Debug|Any CPU.ActiveCfg = Debug|Any CPU
		{5D522D4D-2AFC-4049-97EE-4FD39018622E}.Debug|Any CPU.Build.0 = Debug|Any CPU
		{5D522D4D-2AFC-4049-97EE-4FD39018622E}.Release|Any CPU.ActiveCfg = Release|Any CPU
		{5D522D4D-2AFC-4049-97EE-4FD39018622E}.Release|Any CPU.Build.0 = Release|Any CPU
		{3274ED1E-5BAD-4C90-956B-B5200FCF78B2}.Debug|Any CPU.ActiveCfg = Debug|Any CPU
		{3274ED1E-5BAD-4C90-956B-B5200FCF78B2}.Debug|Any CPU.Build.0 = Debug|Any CPU
		{3274ED1E-5BAD-4C90-956B-B5200FCF78B2}.Release|Any CPU.ActiveCfg = Release|Any CPU
		{3274ED1E-5BAD-4C90-956B-B5200FCF78B2}.Release|Any CPU.Build.0 = Release|Any CPU
		{A0A029BE-DF20-4C97-BA3A-043E12D8CBB2}.Debug|Any CPU.ActiveCfg = Debug|Any CPU
		{A0A029BE-DF20-4C97-BA3A-043E12D8CBB2}.Debug|Any CPU.Build.0 = Debug|Any CPU
		{A0A029BE-DF20-4C97-BA3A-043E12D8CBB2}.Release|Any CPU.ActiveCfg = Release|Any CPU
		{A0A029BE-DF20-4C97-BA3A-043E12D8CBB2}.Release|Any CPU.Build.0 = Release|Any CPU
		{D3F491CE-3E25-43AF-A350-47413D27975D}.Debug|Any CPU.ActiveCfg = Debug|Any CPU
		{D3F491CE-3E25-43AF-A350-47413D27975D}.Debug|Any CPU.Build.0 = Debug|Any CPU
		{D3F491CE-3E25-43AF-A350-47413D27975D}.Release|Any CPU.ActiveCfg = Release|Any CPU
		{D3F491CE-3E25-43AF-A350-47413D27975D}.Release|Any CPU.Build.0 = Release|Any CPU
		{A350A8EC-5D7C-42BA-B3AE-5584A91F55B7}.Debug|Any CPU.ActiveCfg = Debug|Any CPU
		{A350A8EC-5D7C-42BA-B3AE-5584A91F55B7}.Debug|Any CPU.Build.0 = Debug|Any CPU
		{A350A8EC-5D7C-42BA-B3AE-5584A91F55B7}.Release|Any CPU.ActiveCfg = Release|Any CPU
		{A350A8EC-5D7C-42BA-B3AE-5584A91F55B7}.Release|Any CPU.Build.0 = Release|Any CPU
	EndGlobalSection
	GlobalSection(SolutionProperties) = preSolution
		HideSolutionNode = FALSE
	EndGlobalSection
	GlobalSection(ExtensibilityGlobals) = postSolution
		SolutionGuid = {3932F421-1A4A-4914-8758-32C2D2A52819}
	EndGlobalSection
EndGlobal
